<?xml version="1.0" encoding="UTF-8"?>
<Project ToolsVersion="15.0" xmlns="http://schemas.microsoft.com/developer/msbuild/2003">
  <ItemGroup>
    <CustomBuild Include="C:\Users\Game on\GPU-Computing\assignment 1\Assignment1.build\CMakeFiles\9bdf500f0ced49ab8fdf3f8c29058a40\generate.stamp.rule">
      <Filter>CMake Rules</Filter>
    </CustomBuild>
  </ItemGroup>
  <ItemGroup>
    <Filter Include="CMake Rules">
      <UniqueIdentifier>{4CB54DF6-DC5D-3580-AFF9-C979798DD7F6}</UniqueIdentifier>
    </Filter>
  </ItemGroup>
</Project>
